{
  "name": "ngraph.offline.layout",
  "version": "1.1.1",
  "lockfileVersion": 1,
  "requires": true,
  "dependencies": {
    "minimist": {
      "version": "0.0.8",
      "resolved": "https://registry.npmjs.org/minimist/-/minimist-0.0.8.tgz",
      "integrity": "sha1-hX/Kv8M5fSYluCKCYuhqp6ARsF0="
    },
    "mkdirp": {
      "version": "0.5.1",
      "resolved": "https://registry.npmjs.org/mkdirp/-/mkdirp-0.5.1.tgz",
      "integrity": "sha1-MAV0OOrGz3+MR2fzhkjWaX11yQM=",
      "requires": {
        "minimist": "0.0.8"
      }
    },
    "ngraph.events": {
      "version": "1.0.0",
      "resolved": "https://registry.npmjs.org/ngraph.events/-/ngraph.events-1.0.0.tgz",
      "integrity": "sha512-Z7wyywdw8IKjOW0bDiOG4FUqX5fwqW7SDMO1huemDXho7Qy1b02RoBkPS43KLIZU2wrW2orju99k8wIr+xXvVA=="
    },
    "ngraph.expose": {
      "version": "1.0.0",
      "resolved": "https://registry.npmjs.org/ngraph.expose/-/ngraph.expose-1.0.0.tgz",
      "integrity": "sha512-xQXBvaN8cuNucgHuOK1aOWb6q6Yn5QcTWzI1XR5+SBPYuJhIDeO3Z8pm7/WdM1dS+ys4mofA5D0MpTDIxP+d5A=="
    },
    "ngraph.forcelayout": {
      "version": "1.0.0",
      "resolved": "https://registry.npmjs.org/ngraph.forcelayout/-/ngraph.forcelayout-1.0.0.tgz",
      "integrity": "sha512-ozILhbe/hZSWIWEdtUb5fOJg0MlRSaBfbea9stjgQ13JVjl9PfO0Px7qj6JdJTGT6p/Q1o9fGLz81iYKH/yjuw==",
      "requires": {
        "ngraph.events": "^1.0.0",
        "ngraph.physics.simulator": "^1.0.0"
      }
    },
    "ngraph.forcelayout3d": {
      "version": "1.0.0",
      "resolved": "https://registry.npmjs.org/ngraph.forcelayout3d/-/ngraph.forcelayout3d-1.0.0.tgz",
      "integrity": "sha512-xD8qDH201Q0uaMq4avCMOa4XN8OMyFGn/a7DIRei3PQiajYA/1twefPtPeeag+xqPWeceuqXeFKc/L/N243KVQ==",
      "requires": {
        "ngraph.expose": "^1.0.0",
        "ngraph.forcelayout": "^1.0.0",
        "ngraph.merge": "^1.0.0",
        "ngraph.physics.primitives": "^1.0.0",
        "ngraph.quadtreebh3d": "^1.0.0",
        "ngraph.random": "^1.0.0"
      }
    },
    "ngraph.merge": {
      "version": "1.0.0",
      "resolved": "https://registry.npmjs.org/ngraph.merge/-/ngraph.merge-1.0.0.tgz",
      "integrity": "sha512-5J8YjGITUJeapsomtTALYsw7rFveYkM+lBj3QiYZ79EymQcuri65Nw3knQtFxQBU1r5iOaVRXrSwMENUPK62Vg=="
    },
    "ngraph.physics.primitives": {
      "version": "1.0.0",
      "resolved": "https://registry.npmjs.org/ngraph.physics.primitives/-/ngraph.physics.primitives-1.0.0.tgz",
      "integrity": "sha512-zdxzy76L6PxlWLjeXsvNGgzGaQt8mo7IPSzZseQBIXC2AV7UAdcfSnnE1e+ECihjlqkUdsvgKk+ne3GxU2diHg=="
    },
    "ngraph.physics.simulator": {
      "version": "1.0.0",
      "resolved": "https://registry.npmjs.org/ngraph.physics.simulator/-/ngraph.physics.simulator-1.0.0.tgz",
      "integrity": "sha512-9fpWWIWMKNW9iG/qaLZx5kwEeCER9OPgR2n/M6/VwnrLhTytBNaZ7pmX7/X7+1V/tbFJfZXVoE+7EAH+inCaIg==",
      "requires": {
        "ngraph.events": "^1.0.0",
        "ngraph.expose": "^1.0.0",
        "ngraph.merge": "^1.0.0",
        "ngraph.physics.primitives": "^1.0.0",
        "ngraph.quadtreebh": "^1.0.0",
        "ngraph.random": "^1.0.0"
      }
    },
    "ngraph.quadtreebh": {
      "version": "1.0.0",
      "resolved": "https://registry.npmjs.org/ngraph.quadtreebh/-/ngraph.quadtreebh-1.0.0.tgz",
      "integrity": "sha512-cXc1JOIBu0flCPiIRintjs0G6LDhNmuVjDffq8PQQMP/i1324oQXdhbvlxjBepXjgfB/VIdVvwgfHjSs31A3Ig==",
      "requires": {
        "ngraph.random": "^1.0.0"
      }
    },
    "ngraph.quadtreebh3d": {
      "version": "1.0.0",
      "resolved": "https://registry.npmjs.org/ngraph.quadtreebh3d/-/ngraph.quadtreebh3d-1.0.0.tgz",
      "integrity": "sha512-wwhtehVz4tV87DeKH73TIw94LgKXCdprG2BXGN6GvHoS26T6ATJLhUPjEO7wnnrlb5N9d9X8xrYcyCYrcykQDA==",
      "requires": {
        "ngraph.random": "^1.0.0"
      }
    },
    "ngraph.random": {
      "version": "1.0.0",
      "resolved": "https://registry.npmjs.org/ngraph.random/-/ngraph.random-1.0.0.tgz",
      "integrity": "sha512-deLYx/kdrchInjD+S7IMCtLAyixWRXC3En9TI0KL2JbWIb8Z9SFv8UfSOLQppMBswy08aiYkoaucfLA7d8Ffcg=="
    }
  }
}
